// !$*UTF8*$!
{
	archiveVersion = 1;
	classes = {
	};
	objectVersion = 46;
	objects = {

/* Begin PBXBuildFile section */
		A3022CF21ED533EE00D743A1 /* QingCheng.m in Sources */ = {isa = PBXBuildFile; fileRef = A3022CF11ED533EE00D743A1 /* QingCheng.m */; };
		A3022CF31ED533EE00D743A1 /* QingCheng.h in CopyFiles */ = {isa = PBXBuildFile; fileRef = A3022CF01ED533EE00D743A1 /* QingCheng.h */; };
		A3C069771ED84106004F0112 /* image.xcassets in Resources */ = {isa = PBXBuildFile; fileRef = A3C069761ED84106004F0112 /* image.xcassets */; };
		A3C0697A1ED91BAE004F0112 /* UIImage+Category.m in Sources */ = {isa = PBXBuildFile; fileRef = A3C069791ED91BAE004F0112 /* UIImage+Category.m */; };
		A3C0697B1ED91BAE004F0112 /* UIImage+Category.m in Sources */ = {isa = PBXBuildFile; fileRef = A3C069791ED91BAE004F0112 /* UIImage+Category.m */; };
/* End PBXBuildFile section */

/* Begin PBXCopyFilesBuildPhase section */
		A3022CEB1ED533EE00D743A1 /* CopyFiles */ = {
			isa = PBXCopyFilesBuildPhase;
			buildActionMask = 2147483647;
			dstPath = "include/$(PRODUCT_NAME)";
			dstSubfolderSpec = 16;
			files = (
				A3022CF31ED533EE00D743A1 /* QingCheng.h in CopyFiles */,
			);
			runOnlyForDeploymentPostprocessing = 0;
		};
/* End PBXCopyFilesBuildPhase section */

/* Begin PBXFileReference section */
		A3022CED1ED533EE00D743A1 /* libQingCheng.a */ = {isa = PBXFileReference; explicitFileType = archive.ar; includeInIndex = 0; path = libQingCheng.a; sourceTree = BUILT_PRODUCTS_DIR; };
		A3022CF01ED533EE00D743A1 /* QingCheng.h */ = {isa = PBXFileReference; lastKnownFileType = sourcecode.c.h; path = QingCheng.h; sourceTree = "<group>"; };
		A3022CF11ED533EE00D743A1 /* QingCheng.m */ = {isa = PBXFileReference; lastKnownFileType = sourcecode.c.objc; path = QingCheng.m; sourceTree = "<group>"; };
		A3C0696A1ED81094004F0112 /* QingChengBundle.bundle */ = {isa = PBXFileReference; explicitFileType = wrapper.cfbundle; includeInIndex = 0; path = QingChengBundle.bundle; sourceTree = BUILT_PRODUCTS_DIR; };
		A3C0696C1ED81095004F0112 /* Info.plist */ = {isa = PBXFileReference; lastKnownFileType = text.plist.xml; path = Info.plist; sourceTree = "<group>"; };
		A3C069761ED84106004F0112 /* image.xcassets */ = {isa = PBXFileReference; lastKnownFileType = folder.assetcatalog; path = image.xcassets; sourceTree = "<group>"; };
		A3C069781ED91BAE004F0112 /* UIImage+Category.h */ = {isa = PBXFileReference; fileEncoding = 4; lastKnownFileType = sourcecode.c.h; path = "UIImage+Category.h"; sourceTree = "<group>"; };
		A3C069791ED91BAE004F0112 /* UIImage+Category.m */ = {isa = PBXFileReference; fileEncoding = 4; lastKnownFileType = sourcecode.c.objc; path = "UIImage+Category.m"; sourceTree = "<group>"; };
/* End PBXFileReference section */

/* Begin PBXFrameworksBuildPhase section */
		A3022CEA1ED533EE00D743A1 /* Frameworks */ = {
			isa = PBXFrameworksBuildPhase;
			buildActionMask = 2147483647;
			files = (
			);
			runOnlyForDeploymentPostprocessing = 0;
		};
		A3C069671ED81094004F0112 /* Frameworks */ = {
			isa = PBXFrameworksBuildPhase;
			buildActionMask = 2147483647;
			files = (
			);
			runOnlyForDeploymentPostprocessing = 0;
		};
/* End PBXFrameworksBuildPhase section */

/* Begin PBXGroup section */
		A3022CE41ED533EE00D743A1 = {
			isa = PBXGroup;
			children = (
				A3022CEF1ED533EE00D743A1 /* QingCheng */,
				A3C0696B1ED81095004F0112 /* QingChengBundle */,
				A3022CEE1ED533EE00D743A1 /* Products */,
			);
			sourceTree = "<group>";
		};
		A3022CEE1ED533EE00D743A1 /* Products */ = {
			isa = PBXGroup;
			children = (
				A3022CED1ED533EE00D743A1 /* libQingCheng.a */,
				A3C0696A1ED81094004F0112 /* QingChengBundle.bundle */,
			);
			name = Products;
			sourceTree = "<group>";
		};
		A3022CEF1ED533EE00D743A1 /* QingCheng */ = {
			isa = PBXGroup;
			children = (
				A3022CF01ED533EE00D743A1 /* QingCheng.h */,
				A3022CF11ED533EE00D743A1 /* QingCheng.m */,
				A3C069781ED91BAE004F0112 /* UIImage+Category.h */,
				A3C069791ED91BAE004F0112 /* UIImage+Category.m */,
			);
			path = QingCheng;
			sourceTree = "<group>";
		};
		A3C0696B1ED81095004F0112 /* QingChengBundle */ = {
			isa = PBXGroup;
			children = (
				A3C0696C1ED81095004F0112 /* Info.plist */,
				A3C069761ED84106004F0112 /* image.xcassets */,
			);
			path = QingChengBundle;
			sourceTree = "<group>";
		};
/* End PBXGroup section */

/* Begin PBXNativeTarget section */
		A3022CEC1ED533EE00D743A1 /* QingCheng */ = {
			isa = PBXNativeTarget;
			buildConfigurationList = A3022CF61ED533EE00D743A1 /* Build configuration list for PBXNativeTarget "QingCheng" */;
			buildPhases = (
				A3022CE91ED533EE00D743A1 /* Sources */,
				A3022CEA1ED533EE00D743A1 /* Frameworks */,
				A3022CEB1ED533EE00D743A1 /* CopyFiles */,
			);
			buildRules = (
			);
			dependencies = (
			);
			name = QingCheng;
			productName = QingCheng;
			productReference = A3022CED1ED533EE00D743A1 /* libQingCheng.a */;
			productType = "com.apple.product-type.library.static";
		};
		A3C069691ED81094004F0112 /* QingChengBundle */ = {
			isa = PBXNativeTarget;
			buildConfigurationList = A3C0696F1ED81095004F0112 /* Build configuration list for PBXNativeTarget "QingChengBundle" */;
			buildPhases = (
				A3C069661ED81094004F0112 /* Sources */,
				A3C069671ED81094004F0112 /* Frameworks */,
				A3C069681ED81094004F0112 /* Resources */,
			);
			buildRules = (
			);
			dependencies = (
			);
			name = QingChengBundle;
			productName = QingChengBundle;
			productReference = A3C0696A1ED81094004F0112 /* QingChengBundle.bundle */;
			productType = "com.apple.product-type.bundle";
		};
/* End PBXNativeTarget section */

/* Begin PBXProject section */
		A3022CE51ED533EE00D743A1 /* Project object */ = {
			isa = PBXProject;
			attributes = {
				LastUpgradeCheck = 0830;
				ORGANIZATIONNAME = "馍馍帝👿";
				TargetAttributes = {
					A3022CEC1ED533EE00D743A1 = {
						CreatedOnToolsVersion = 8.3.2;
						ProvisioningStyle = Automatic;
					};
					A3C069691ED81094004F0112 = {
						CreatedOnToolsVersion = 8.3.2;
						ProvisioningStyle = Automatic;
					};
				};
			};
			buildConfigurationList = A3022CE81ED533EE00D743A1 /* Build configuration list for PBXProject "QingCheng" */;
			compatibilityVersion = "Xcode 3.2";
			developmentRegion = English;
			hasScannedForEncodings = 0;
			knownRegions = (
				en,
			);
			mainGroup = A3022CE41ED533EE00D743A1;
			productRefGroup = A3022CEE1ED533EE00D743A1 /* Products */;
			projectDirPath = "";
			projectRoot = "";
			targets = (
				A3022CEC1ED533EE00D743A1 /* QingCheng */,
				A3C069691ED81094004F0112 /* QingChengBundle */,
			);
		};
/* End PBXProject section */

/* Begin PBXResourcesBuildPhase section */
		A3C069681ED81094004F0112 /* Resources */ = {
			isa = PBXResourcesBuildPhase;
			buildActionMask = 2147483647;
			files = (
				A3C069771ED84106004F0112 /* image.xcassets in Resources */,
			);
			runOnlyForDeploymentPostprocessing = 0;
		};
/* End PBXResourcesBuildPhase section */

/* Begin PBXSourcesBuildPhase section */
		A3022CE91ED533EE00D743A1 /* Sources */ = {
			isa = PBXSourcesBuildPhase;
			buildActionMask = 2147483647;
			files = (
				A3022CF21ED533EE00D743A1 /* QingCheng.m in Sources */,
				A3C0697A1ED91BAE004F0112 /* UIImage+Category.m in Sources */,
			);
			runOnlyForDeploymentPostprocessing = 0;
		};
		A3C069661ED81094004F0112 /* Sources */ = {
			isa = PBXSourcesBuildPhase;
			buildActionMask = 2147483647;
			files = (
				A3C0697B1ED91BAE004F0112 /* UIImage+Category.m in Sources */,
			);
			runOnlyForDeploymentPostprocessing = 0;
		};
/* End PBXSourcesBuildPhase section */

/* Begin XCBuildConfiguration section */
		A3022CF41ED533EE00D743A1 /* Debug */ = {
			isa = XCBuildConfiguration;
			buildSettings = {
				ALWAYS_SEARCH_USER_PATHS = NO;
				CLANG_ANALYZER_NONNULL = YES;
				CLANG_ANALYZER_NUMBER_OBJECT_CONVERSION = YES_AGGRESSIVE;
				CLANG_CXX_LANGUAGE_STANDARD = "gnu++0x";
				CLANG_CXX_LIBRARY = "libc++";
				CLANG_ENABLE_MODULES = YES;
				CLANG_ENABLE_OBJC_ARC = YES;
				CLANG_WARN_BOOL_CONVERSION = YES;
				CLANG_WARN_CONSTANT_CONVERSION = YES;
				CLANG_WARN_DIRECT_OBJC_ISA_USAGE = YES_ERROR;
				CLANG_WARN_DOCUMENTATION_COMMENTS = YES;
				CLANG_WARN_EMPTY_BODY = YES;
				CLANG_WARN_ENUM_CONVERSION = YES;
				CLANG_WARN_INFINITE_RECURSION = YES;
				CLANG_WARN_INT_CONVERSION = YES;
				CLANG_WARN_OBJC_ROOT_CLASS = YES_ERROR;
				CLANG_WARN_SUSPICIOUS_MOVE = YES;
				CLANG_WARN_UNREACHABLE_CODE = YES;
				CLANG_WARN__DUPLICATE_METHOD_MATCH = YES;
				"CODE_SIGN_IDENTITY[sdk=iphoneos*]" = "iPhone Developer";
				COPY_PHASE_STRIP = NO;
				DEBUG_INFORMATION_FORMAT = dwarf;
				ENABLE_STRICT_OBJC_MSGSEND = YES;
				ENABLE_TESTABILITY = YES;
				GCC_C_LANGUAGE_STANDARD = gnu99;
				GCC_DYNAMIC_NO_PIC = NO;
				GCC_NO_COMMON_BLOCKS = YES;
				GCC_OPTIMIZATION_LEVEL = 0;
				GCC_PREPROCESSOR_DEFINITIONS = (
					"DEBUG=1",
					"$(inherited)",
				);
				GCC_WARN_64_TO_32_BIT_CONVERSION = YES;
				GCC_WARN_ABOUT_RETURN_TYPE = YES_ERROR;
				GCC_WARN_UNDECLARED_SELECTOR = YES;
				GCC_WARN_UNINITIALIZED_AUTOS = YES_AGGRESSIVE;
				GCC_WARN_UNUSED_FUNCTION = YES;
				GCC_WARN_UNUSED_VARIABLE = YES;
				IPHONEOS_DEPLOYMENT_TARGET = 7.1;
				MTL_ENABLE_DEBUG_INFO = YES;
				ONLY_ACTIVE_ARCH = YES;
				SDKROOT = iphoneos;
			};
			name = Debug;
		};
		A3022CF51ED533EE00D743A1 /* Release */ = {
			isa = XCBuildConfiguration;
			buildSettings = {
				ALWAYS_SEARCH_USER_PATHS = NO;
				CLANG_ANALYZER_NONNULL = YES;
				CLANG_ANALYZER_NUMBER_OBJECT_CONVERSION = YES_AGGRESSIVE;
				CLANG_CXX_LANGUAGE_STANDARD = "gnu++0x";
				CLANG_CXX_LIBRARY = "libc++";
				CLANG_ENABLE_MODULES = YES;
				CLANG_ENABLE_OBJC_ARC = YES;
				CLANG_WARN_BOOL_CONVERSION = YES;
				CLANG_WARN_CONSTANT_CONVERSION = YES;
				CLANG_WARN_DIRECT_OBJC_ISA_USAGE = YES_ERROR;
				CLANG_WARN_DOCUMENTATION_COMMENTS = YES;
				CLANG_WARN_EMPTY_BODY = YES;
				CLANG_WARN_ENUM_CONVERSION = YES;
				CLANG_WARN_INFINITE_RECURSION = YES;
				CLANG_WARN_INT_CONVERSION = YES;
				CLANG_WARN_OBJC_ROOT_CLASS = YES_ERROR;
				CLANG_WARN_SUSPICIOUS_MOVE = YES;
				CLANG_WARN_UNREACHABLE_CODE = YES;
				CLANG_WARN__DUPLICATE_METHOD_MATCH = YES;
				"CODE_SIGN_IDENTITY[sdk=iphoneos*]" = "iPhone Developer";
				COPY_PHASE_STRIP = NO;
				DEBUG_INFORMATION_FORMAT = "dwarf-with-dsym";
				ENABLE_NS_ASSERTIONS = NO;
				ENABLE_STRICT_OBJC_MSGSEND = YES;
				GCC_C_LANGUAGE_STANDARD = gnu99;
				GCC_NO_COMMON_BLOCKS = YES;
				GCC_WARN_64_TO_32_BIT_CONVERSION = YES;
				GCC_WARN_ABOUT_RETURN_TYPE = YES_ERROR;
				GCC_WARN_UNDECLARED_SELECTOR = YES;
				GCC_WARN_UNINITIALIZED_AUTOS = YES_AGGRESSIVE;
				GCC_WARN_UNUSED_FUNCTION = YES;
				GCC_WARN_UNUSED_VARIABLE = YES;
				IPHONEOS_DEPLOYMENT_TARGET = 7.1;
				MTL_ENABLE_DEBUG_INFO = NO;
				SDKROOT = iphoneos;
				VALIDATE_PRODUCT = YES;
			};
			name = Release;
		};
		A3022CF71ED533EE00D743A1 /* Debug */ = {
			isa = XCBuildConfiguration;
			buildSettings = {
				IPHONEOS_DEPLOYMENT_TARGET = 7.1;
				OTHER_LDFLAGS = "-ObjC";
				PRODUCT_NAME = "$(TARGET_NAME)";
				SKIP_INSTALL = YES;
			};
			name = Debug;
		};
		A3022CF81ED533EE00D743A1 /* Release */ = {
			isa = XCBuildConfiguration;
			buildSettings = {
				IPHONEOS_DEPLOYMENT_TARGET = 7.1;
				OTHER_LDFLAGS = "-ObjC";
				PRODUCT_NAME = "$(TARGET_NAME)";
				SKIP_INSTALL = YES;
			};
			name = Release;
		};
		A3C0696D1ED81095004F0112 /* Debug */ = {
			isa = XCBuildConfiguration;
			buildSettings = {
				CODE_SIGN_IDENTITY = "-";
				COMBINE_HIDPI_IMAGES = YES;
				ENABLE_BITCODE = NO;
				INFOPLIST_FILE = QingChengBundle/Info.plist;
				INSTALL_PATH = "$(LOCAL_LIBRARY_DIR)/Bundles";
				IPHONEOS_DEPLOYMENT_TARGET = 7.1;
				MACOSX_DEPLOYMENT_TARGET = 10.12;
				PRODUCT_BUNDLE_IDENTIFIER = it.qingchengfit.QingChengBundle;
				PRODUCT_NAME = "$(TARGET_NAME)";
				SDKROOT = iphoneos;
				SKIP_INSTALL = YES;
				SUPPORTED_PLATFORMS = "iphonesimulator iphoneos";
				WRAPPER_EXTENSION = bundle;
			};
			name = Debug;
		};
		A3C0696E1ED81095004F0112 /* Release */ = {
			isa = XCBuildConfiguration;
			buildSettings = {
				CODE_SIGN_IDENTITY = "-";
				COMBINE_HIDPI_IMAGES = YES;
				ENABLE_BITCODE = NO;
				INFOPLIST_FILE = QingChengBundle/Info.plist;
				INSTALL_PATH = "$(LOCAL_LIBRARY_DIR)/Bundles";
				IPHONEOS_DEPLOYMENT_TARGET = 7.1;
				MACOSX_DEPLOYMENT_TARGET = 10.12;
				PRODUCT_BUNDLE_IDENTIFIER = it.qingchengfit.QingChengBundle;
				PRODUCT_NAME = "$(TARGET_NAME)";
				SDKROOT = iphoneos;
				SKIP_INSTALL = YES;
				SUPPORTED_PLATFORMS = "iphonesimulator iphoneos";
				WRAPPER_EXTENSION = bundle;
			};
			name = Release;
		};
/* End XCBuildConfiguration section */

/* Begin XCConfigurationList section */
		A3022CE81ED533EE00D743A1 /* Build configuration list for PBXProject "QingCheng" */ = {
			isa = XCConfigurationList;
			buildConfigurations = (
				A3022CF41ED533EE00D743A1 /* Debug */,
				A3022CF51ED533EE00D743A1 /* Release */,
			);
			defaultConfigurationIsVisible = 0;
			defaultConfigurationName = Release;
		};
		A3022CF61ED533EE00D743A1 /* Build configuration list for PBXNativeTarget "QingCheng" */ = {
			isa = XCConfigurationList;
			buildConfigurations = (
				A3022CF71ED533EE00D743A1 /* Debug */,
				A3022CF81ED533EE00D743A1 /* Release */,
			);
			defaultConfigurationIsVisible = 0;
			defaultConfigurationName = Release;
		};
		A3C0696F1ED81095004F0112 /* Build configuration list for PBXNativeTarget "QingChengBundle" */ = {
			isa = XCConfigurationList;
			buildConfigurations = (
				A3C0696D1ED81095004F0112 /* Debug */,
				A3C0696E1ED81095004F0112 /* Release */,
			);
			defaultConfigurationIsVisible = 0;
		};
/* End XCConfigurationList section */
	};
	rootObject = A3022CE51ED533EE00D743A1 /* Project object */;
}
